
Microsoft Visual Studio Solution File, Format Version 12.00
# Visual Studio Version 17
VisualStudioVersion = 17.7.34202.233
MinimumVisualStudioVersion = 10.0.40219.1
Project("{9A19103F-16F7-4668-BE54-9A1E7A4F7556}") = "TrailsWebApplication", "TrailsWebApplication.csproj", "{0A795291-64AA-4B04-8C1D-3356DEDE504F}"
EndProject
Global
	GlobalSection(SolutionConfigurationPlatforms) = preSolution
		Debug|Any CPU = Debug|Any CPU
		Release|Any CPU = Release|Any CPU
	EndGlobalSection
	GlobalSection(ProjectConfigurationPlatforms) = postSolution
		{0A795291-64AA-4B04-8C1D-3356DEDE504F}.Debug|Any CPU.ActiveCfg = Debug|Any CPU
		{0A795291-64AA-4B04-8C1D-3356DEDE504F}.Debug|Any CPU.Build.0 = Debug|Any CPU
		{0A795291-64AA-4B04-8C1D-3356DEDE504F}.Release|Any CPU.ActiveCfg = Release|Any CPU
		{0A795291-64AA-4B04-8C1D-3356DEDE504F}.Release|Any CPU.Build.0 = Release|Any CPU
		{0ED0B9F7-A7BD-44CF-BB53-0254D15DCB20}.Debug|Any CPU.ActiveCfg = Debug|Any CPU
		{0ED0B9F7-A7BD-44CF-BB53-0254D15DCB20}.Debug|Any CPU.Build.0 = Debug|Any CPU
		{0ED0B9F7-A7BD-44CF-BB53-0254D15DCB20}.Release|Any CPU.ActiveCfg = Release|Any CPU
		{0ED0B9F7-A7BD-44CF-BB53-0254D15DCB20}.Release|Any CPU.Build.0 = Release|Any CPU
	EndGlobalSection
	GlobalSection(SolutionProperties) = preSolution
		HideSolutionNode = FALSE
	EndGlobalSection
	GlobalSection(ExtensibilityGlobals) = postSolution
		SolutionGuid = {DA77FBFF-4263-4B8B-9225-890C475DDD8D}
	EndGlobalSection
EndGlobal
